
Microsoft Visual Studio Solution File, Format Version 12.00
# Visual Studio 15
VisualStudioVersion = 15.0.27004.2006
MinimumVisualStudioVersion = 10.0.40219.1
Project("{FAE04EC0-301F-11D3-BF4B-00C04F79EFBC}") = "Conveyer", "Conveyer\Conveyer.csproj", "{B102354E-1F14-4003-AD1D-1362639E55FD}"
EndProject
Global
	GlobalSection(SolutionConfigurationPlatforms) = preSolution
		Debug|x86 = Debug|x86
		Release|x86 = Release|x86
	EndGlobalSection
	GlobalSection(ProjectConfigurationPlatforms) = postSolution
		{B102354E-1F14-4003-AD1D-1362639E55FD}.Debug|x86.ActiveCfg = Debug|x86
		{B102354E-1F14-4003-AD1D-1362639E55FD}.Debug|x86.Build.0 = Debug|x86
		{B102354E-1F14-4003-AD1D-1362639E55FD}.Release|x86.ActiveCfg = Release|x86
		{B102354E-1F14-4003-AD1D-1362639E55FD}.Release|x86.Build.0 = Release|x86
	EndGlobalSection
	GlobalSection(SolutionProperties) = preSolution
		HideSolutionNode = FALSE
	EndGlobalSection
	GlobalSection(ExtensibilityGlobals) = postSolution
		SolutionGuid = {1099CABE-ACD1-4F14-9A7A-DB1AA4A60F6A}
	EndGlobalSection
EndGlobal
